// !$*UTF8*$!
{
	archiveVersion = 1;
	classes = {
	};
	objectVersion = 56;
	objects = {

/* Begin PBXBuildFile section */
		8B1A73932ABE970B008F8557 /* SuperMarket.swift in Sources */ = {isa = PBXBuildFile; fileRef = 8B1A73922ABE970B008F8557 /* SuperMarket.swift */; };
		8B1A73952ABE97C1008F8557 /* Schedule.swift in Sources */ = {isa = PBXBuildFile; fileRef = 8B1A73942ABE97C1008F8557 /* Schedule.swift */; };
		8B1A73972ABE9AEC008F8557 /* SuperMarketRow.swift in Sources */ = {isa = PBXBuildFile; fileRef = 8B1A73962ABE9AEC008F8557 /* SuperMarketRow.swift */; };
		8B1A73992ABF963C008F8557 /* SuperMarketList.swift in Sources */ = {isa = PBXBuildFile; fileRef = 8B1A73982ABF963C008F8557 /* SuperMarketList.swift */; };
		8B1A739C2ABFE1DF008F8557 /* SuperMarketListView.swift in Sources */ = {isa = PBXBuildFile; fileRef = 8B1A739B2ABFE1DF008F8557 /* SuperMarketListView.swift */; };
		8B1A739E2ABFE307008F8557 /* RegisterSupermarketView.swift in Sources */ = {isa = PBXBuildFile; fileRef = 8B1A739D2ABFE307008F8557 /* RegisterSupermarketView.swift */; };
		8B1A73A02ABFE9A7008F8557 /* DaySchedule.swift in Sources */ = {isa = PBXBuildFile; fileRef = 8B1A739F2ABFE9A7008F8557 /* DaySchedule.swift */; };
		8B92A8D72AB572E8001FFCF2 /* HorariosSupermercadosApp.swift in Sources */ = {isa = PBXBuildFile; fileRef = 8B92A8D62AB572E8001FFCF2 /* HorariosSupermercadosApp.swift */; };
		8B92A8DB2AB572E9001FFCF2 /* Assets.xcassets in Resources */ = {isa = PBXBuildFile; fileRef = 8B92A8DA2AB572E9001FFCF2 /* Assets.xcassets */; };
		8B92A8DE2AB572E9001FFCF2 /* Preview Assets.xcassets in Resources */ = {isa = PBXBuildFile; fileRef = 8B92A8DD2AB572E9001FFCF2 /* Preview Assets.xcassets */; };
/* End PBXBuildFile section */

/* Begin PBXFileReference section */
		8B1A73922ABE970B008F8557 /* SuperMarket.swift */ = {isa = PBXFileReference; lastKnownFileType = sourcecode.swift; path = SuperMarket.swift; sourceTree = "<group>"; };
		8B1A73942ABE97C1008F8557 /* Schedule.swift */ = {isa = PBXFileReference; lastKnownFileType = sourcecode.swift; path = Schedule.swift; sourceTree = "<group>"; };
		8B1A73962ABE9AEC008F8557 /* SuperMarketRow.swift */ = {isa = PBXFileReference; lastKnownFileType = sourcecode.swift; path = SuperMarketRow.swift; sourceTree = "<group>"; };
		8B1A73982ABF963C008F8557 /* SuperMarketList.swift */ = {isa = PBXFileReference; lastKnownFileType = sourcecode.swift; path = SuperMarketList.swift; sourceTree = "<group>"; };
		8B1A739B2ABFE1DF008F8557 /* SuperMarketListView.swift */ = {isa = PBXFileReference; lastKnownFileType = sourcecode.swift; path = SuperMarketListView.swift; sourceTree = "<group>"; };
		8B1A739D2ABFE307008F8557 /* RegisterSupermarketView.swift */ = {isa = PBXFileReference; lastKnownFileType = sourcecode.swift; path = RegisterSupermarketView.swift; sourceTree = "<group>"; };
		8B1A739F2ABFE9A7008F8557 /* DaySchedule.swift */ = {isa = PBXFileReference; lastKnownFileType = sourcecode.swift; path = DaySchedule.swift; sourceTree = "<group>"; };
		8B92A8D32AB572E8001FFCF2 /* HorariosSupermercados.app */ = {isa = PBXFileReference; explicitFileType = wrapper.application; includeInIndex = 0; path = HorariosSupermercados.app; sourceTree = BUILT_PRODUCTS_DIR; };
		8B92A8D62AB572E8001FFCF2 /* HorariosSupermercadosApp.swift */ = {isa = PBXFileReference; lastKnownFileType = sourcecode.swift; path = HorariosSupermercadosApp.swift; sourceTree = "<group>"; };
		8B92A8DA2AB572E9001FFCF2 /* Assets.xcassets */ = {isa = PBXFileReference; lastKnownFileType = folder.assetcatalog; path = Assets.xcassets; sourceTree = "<group>"; };
		8B92A8DD2AB572E9001FFCF2 /* Preview Assets.xcassets */ = {isa = PBXFileReference; lastKnownFileType = folder.assetcatalog; path = "Preview Assets.xcassets"; sourceTree = "<group>"; };
/* End PBXFileReference section */

/* Begin PBXFrameworksBuildPhase section */
		8B92A8D02AB572E8001FFCF2 /* Frameworks */ = {
			isa = PBXFrameworksBuildPhase;
			buildActionMask = 2147483647;
			files = (
			);
			runOnlyForDeploymentPostprocessing = 0;
		};
/* End PBXFrameworksBuildPhase section */

/* Begin PBXGroup section */
		8B1A738E2ABE9632008F8557 /* Components */ = {
			isa = PBXGroup;
			children = (
				8B1A73962ABE9AEC008F8557 /* SuperMarketRow.swift */,
				8B1A73982ABF963C008F8557 /* SuperMarketList.swift */,
				8B1A739F2ABFE9A7008F8557 /* DaySchedule.swift */,
			);
			path = Components;
			sourceTree = "<group>";
		};
		8B1A73912ABE9666008F8557 /* Models */ = {
			isa = PBXGroup;
			children = (
				8B1A73922ABE970B008F8557 /* SuperMarket.swift */,
				8B1A73942ABE97C1008F8557 /* Schedule.swift */,
			);
			path = Models;
			sourceTree = "<group>";
		};
		8B1A739A2ABFE1C7008F8557 /* Views */ = {
			isa = PBXGroup;
			children = (
				8B1A739B2ABFE1DF008F8557 /* SuperMarketListView.swift */,
				8B1A739D2ABFE307008F8557 /* RegisterSupermarketView.swift */,
			);
			path = Views;
			sourceTree = "<group>";
		};
		8B92A8CA2AB572E8001FFCF2 = {
			isa = PBXGroup;
			children = (
				8B92A8D52AB572E8001FFCF2 /* HorariosSupermercados */,
				8B92A8D42AB572E8001FFCF2 /* Products */,
			);
			sourceTree = "<group>";
		};
		8B92A8D42AB572E8001FFCF2 /* Products */ = {
			isa = PBXGroup;
			children = (
				8B92A8D32AB572E8001FFCF2 /* HorariosSupermercados.app */,
			);
			name = Products;
			sourceTree = "<group>";
		};
		8B92A8D52AB572E8001FFCF2 /* HorariosSupermercados */ = {
			isa = PBXGroup;
			children = (
				8B1A739A2ABFE1C7008F8557 /* Views */,
				8B1A73912ABE9666008F8557 /* Models */,
				8B1A738E2ABE9632008F8557 /* Components */,
				8B92A8D62AB572E8001FFCF2 /* HorariosSupermercadosApp.swift */,
				8B92A8DA2AB572E9001FFCF2 /* Assets.xcassets */,
				8B92A8DC2AB572E9001FFCF2 /* Preview Content */,
			);
			path = HorariosSupermercados;
			sourceTree = "<group>";
		};
		8B92A8DC2AB572E9001FFCF2 /* Preview Content */ = {
			isa = PBXGroup;
			children = (
				8B92A8DD2AB572E9001FFCF2 /* Preview Assets.xcassets */,
			);
			path = "Preview Content";
			sourceTree = "<group>";
		};
/* End PBXGroup section */

/* Begin PBXNativeTarget section */
		8B92A8D22AB572E8001FFCF2 /* HorariosSupermercados */ = {
			isa = PBXNativeTarget;
			buildConfigurationList = 8B92A8E12AB572E9001FFCF2 /* Build configuration list for PBXNativeTarget "HorariosSupermercados" */;
			buildPhases = (
				8B92A8CF2AB572E8001FFCF2 /* Sources */,
				8B92A8D02AB572E8001FFCF2 /* Frameworks */,
				8B92A8D12AB572E8001FFCF2 /* Resources */,
			);
			buildRules = (
			);
			dependencies = (
			);
			name = HorariosSupermercados;
			productName = HorariosSupermercados;
			productReference = 8B92A8D32AB572E8001FFCF2 /* HorariosSupermercados.app */;
			productType = "com.apple.product-type.application";
		};
/* End PBXNativeTarget section */

/* Begin PBXProject section */
		8B92A8CB2AB572E8001FFCF2 /* Project object */ = {
			isa = PBXProject;
			attributes = {
				BuildIndependentTargetsInParallel = 1;
				LastSwiftUpdateCheck = 1430;
				LastUpgradeCheck = 1430;
				TargetAttributes = {
					8B92A8D22AB572E8001FFCF2 = {
						CreatedOnToolsVersion = 14.3.1;
					};
				};
			};
			buildConfigurationList = 8B92A8CE2AB572E8001FFCF2 /* Build configuration list for PBXProject "HorariosSupermercados" */;
			compatibilityVersion = "Xcode 14.0";
			developmentRegion = en;
			hasScannedForEncodings = 0;
			knownRegions = (
				en,
				Base,
			);
			mainGroup = 8B92A8CA2AB572E8001FFCF2;
			productRefGroup = 8B92A8D42AB572E8001FFCF2 /* Products */;
			projectDirPath = "";
			projectRoot = "";
			targets = (
				8B92A8D22AB572E8001FFCF2 /* HorariosSupermercados */,
			);
		};
/* End PBXProject section */

/* Begin PBXResourcesBuildPhase section */
		8B92A8D12AB572E8001FFCF2 /* Resources */ = {
			isa = PBXResourcesBuildPhase;
			buildActionMask = 2147483647;
			files = (
				8B92A8DE2AB572E9001FFCF2 /* Preview Assets.xcassets in Resources */,
				8B92A8DB2AB572E9001FFCF2 /* Assets.xcassets in Resources */,
			);
			runOnlyForDeploymentPostprocessing = 0;
		};
/* End PBXResourcesBuildPhase section */

/* Begin PBXSourcesBuildPhase section */
		8B92A8CF2AB572E8001FFCF2 /* Sources */ = {
			isa = PBXSourcesBuildPhase;
			buildActionMask = 2147483647;
			files = (
				8B1A73972ABE9AEC008F8557 /* SuperMarketRow.swift in Sources */,
				8B1A739C2ABFE1DF008F8557 /* SuperMarketListView.swift in Sources */,
				8B1A73992ABF963C008F8557 /* SuperMarketList.swift in Sources */,
				8B92A8D72AB572E8001FFCF2 /* HorariosSupermercadosApp.swift in Sources */,
				8B1A739E2ABFE307008F8557 /* RegisterSupermarketView.swift in Sources */,
				8B1A73952ABE97C1008F8557 /* Schedule.swift in Sources */,
				8B1A73932ABE970B008F8557 /* SuperMarket.swift in Sources */,
				8B1A73A02ABFE9A7008F8557 /* DaySchedule.swift in Sources */,
			);
			runOnlyForDeploymentPostprocessing = 0;
		};
/* End PBXSourcesBuildPhase section */

/* Begin XCBuildConfiguration section */
		8B92A8DF2AB572E9001FFCF2 /* Debug */ = {
			isa = XCBuildConfiguration;
			buildSettings = {
				ALWAYS_SEARCH_USER_PATHS = NO;
				CLANG_ANALYZER_NONNULL = YES;
				CLANG_ANALYZER_NUMBER_OBJECT_CONVERSION = YES_AGGRESSIVE;
				CLANG_CXX_LANGUAGE_STANDARD = "gnu++20";
				CLANG_ENABLE_MODULES = YES;
				CLANG_ENABLE_OBJC_ARC = YES;
				CLANG_ENABLE_OBJC_WEAK = YES;
				CLANG_WARN_BLOCK_CAPTURE_AUTORELEASING = YES;
				CLANG_WARN_BOOL_CONVERSION = YES;
				CLANG_WARN_COMMA = YES;
				CLANG_WARN_CONSTANT_CONVERSION = YES;
				CLANG_WARN_DEPRECATED_OBJC_IMPLEMENTATIONS = YES;
				CLANG_WARN_DIRECT_OBJC_ISA_USAGE = YES_ERROR;
				CLANG_WARN_DOCUMENTATION_COMMENTS = YES;
				CLANG_WARN_EMPTY_BODY = YES;
				CLANG_WARN_ENUM_CONVERSION = YES;
				CLANG_WARN_INFINITE_RECURSION = YES;
				CLANG_WARN_INT_CONVERSION = YES;
				CLANG_WARN_NON_LITERAL_NULL_CONVERSION = YES;
				CLANG_WARN_OBJC_IMPLICIT_RETAIN_SELF = YES;
				CLANG_WARN_OBJC_LITERAL_CONVERSION = YES;
				CLANG_WARN_OBJC_ROOT_CLASS = YES_ERROR;
				CLANG_WARN_QUOTED_INCLUDE_IN_FRAMEWORK_HEADER = YES;
				CLANG_WARN_RANGE_LOOP_ANALYSIS = YES;
				CLANG_WARN_STRICT_PROTOTYPES = YES;
				CLANG_WARN_SUSPICIOUS_MOVE = YES;
				CLANG_WARN_UNGUARDED_AVAILABILITY = YES_AGGRESSIVE;
				CLANG_WARN_UNREACHABLE_CODE = YES;
				CLANG_WARN__DUPLICATE_METHOD_MATCH = YES;
				COPY_PHASE_STRIP = NO;
				DEBUG_INFORMATION_FORMAT = dwarf;
				ENABLE_STRICT_OBJC_MSGSEND = YES;
				ENABLE_TESTABILITY = YES;
				GCC_C_LANGUAGE_STANDARD = gnu11;
				GCC_DYNAMIC_NO_PIC = NO;
				GCC_NO_COMMON_BLOCKS = YES;
				GCC_OPTIMIZATION_LEVEL = 0;
				GCC_PREPROCESSOR_DEFINITIONS = (
					"DEBUG=1",
					"$(inherited)",
				);
				GCC_WARN_64_TO_32_BIT_CONVERSION = YES;
				GCC_WARN_ABOUT_RETURN_TYPE = YES_ERROR;
				GCC_WARN_UNDECLARED_SELECTOR = YES;
				GCC_WARN_UNINITIALIZED_AUTOS = YES_AGGRESSIVE;
				GCC_WARN_UNUSED_FUNCTION = YES;
				GCC_WARN_UNUSED_VARIABLE = YES;
				IPHONEOS_DEPLOYMENT_TARGET = 16.4;
				MTL_ENABLE_DEBUG_INFO = INCLUDE_SOURCE;
				MTL_FAST_MATH = YES;
				ONLY_ACTIVE_ARCH = YES;
				SDKROOT = iphoneos;
				SWIFT_ACTIVE_COMPILATION_CONDITIONS = DEBUG;
				SWIFT_OPTIMIZATION_LEVEL = "-Onone";
			};
			name = Debug;
		};
		8B92A8E02AB572E9001FFCF2 /* Release */ = {
			isa = XCBuildConfiguration;
			buildSettings = {
				ALWAYS_SEARCH_USER_PATHS = NO;
				CLANG_ANALYZER_NONNULL = YES;
				CLANG_ANALYZER_NUMBER_OBJECT_CONVERSION = YES_AGGRESSIVE;
				CLANG_CXX_LANGUAGE_STANDARD = "gnu++20";
				CLANG_ENABLE_MODULES = YES;
				CLANG_ENABLE_OBJC_ARC = YES;
				CLANG_ENABLE_OBJC_WEAK = YES;
				CLANG_WARN_BLOCK_CAPTURE_AUTORELEASING = YES;
				CLANG_WARN_BOOL_CONVERSION = YES;
				CLANG_WARN_COMMA = YES;
				CLANG_WARN_CONSTANT_CONVERSION = YES;
				CLANG_WARN_DEPRECATED_OBJC_IMPLEMENTATIONS = YES;
				CLANG_WARN_DIRECT_OBJC_ISA_USAGE = YES_ERROR;
				CLANG_WARN_DOCUMENTATION_COMMENTS = YES;
				CLANG_WARN_EMPTY_BODY = YES;
				CLANG_WARN_ENUM_CONVERSION = YES;
				CLANG_WARN_INFINITE_RECURSION = YES;
				CLANG_WARN_INT_CONVERSION = YES;
				CLANG_WARN_NON_LITERAL_NULL_CONVERSION = YES;
				CLANG_WARN_OBJC_IMPLICIT_RETAIN_SELF = YES;
				CLANG_WARN_OBJC_LITERAL_CONVERSION = YES;
				CLANG_WARN_OBJC_ROOT_CLASS = YES_ERROR;
				CLANG_WARN_QUOTED_INCLUDE_IN_FRAMEWORK_HEADER = YES;
				CLANG_WARN_RANGE_LOOP_ANALYSIS = YES;
				CLANG_WARN_STRICT_PROTOTYPES = YES;
				CLANG_WARN_SUSPICIOUS_MOVE = YES;
				CLANG_WARN_UNGUARDED_AVAILABILITY = YES_AGGRESSIVE;
				CLANG_WARN_UNREACHABLE_CODE = YES;
				CLANG_WARN__DUPLICATE_METHOD_MATCH = YES;
				COPY_PHASE_STRIP = NO;
				DEBUG_INFORMATION_FORMAT = "dwarf-with-dsym";
				ENABLE_NS_ASSERTIONS = NO;
				ENABLE_STRICT_OBJC_MSGSEND = YES;
				GCC_C_LANGUAGE_STANDARD = gnu11;
				GCC_NO_COMMON_BLOCKS = YES;
				GCC_WARN_64_TO_32_BIT_CONVERSION = YES;
				GCC_WARN_ABOUT_RETURN_TYPE = YES_ERROR;
				GCC_WARN_UNDECLARED_SELECTOR = YES;
				GCC_WARN_UNINITIALIZED_AUTOS = YES_AGGRESSIVE;
				GCC_WARN_UNUSED_FUNCTION = YES;
				GCC_WARN_UNUSED_VARIABLE = YES;
				IPHONEOS_DEPLOYMENT_TARGET = 16.4;
				MTL_ENABLE_DEBUG_INFO = NO;
				MTL_FAST_MATH = YES;
				SDKROOT = iphoneos;
				SWIFT_COMPILATION_MODE = wholemodule;
				SWIFT_OPTIMIZATION_LEVEL = "-O";
				VALIDATE_PRODUCT = YES;
			};
			name = Release;
		};
		8B92A8E22AB572E9001FFCF2 /* Debug */ = {
			isa = XCBuildConfiguration;
			buildSettings = {
				ASSETCATALOG_COMPILER_APPICON_NAME = AppIcon;
				ASSETCATALOG_COMPILER_GLOBAL_ACCENT_COLOR_NAME = AccentColor;
				CODE_SIGN_STYLE = Automatic;
				CURRENT_PROJECT_VERSION = 1;
				DEVELOPMENT_ASSET_PATHS = "\"HorariosSupermercados/Preview Content\"";
				ENABLE_PREVIEWS = YES;
				GENERATE_INFOPLIST_FILE = YES;
				INFOPLIST_KEY_UIApplicationSceneManifest_Generation = YES;
				INFOPLIST_KEY_UIApplicationSupportsIndirectInputEvents = YES;
				INFOPLIST_KEY_UILaunchScreen_Generation = YES;
				INFOPLIST_KEY_UISupportedInterfaceOrientations_iPad = "UIInterfaceOrientationPortrait UIInterfaceOrientationPortraitUpsideDown UIInterfaceOrientationLandscapeLeft UIInterfaceOrientationLandscapeRight";
				INFOPLIST_KEY_UISupportedInterfaceOrientations_iPhone = "UIInterfaceOrientationPortrait UIInterfaceOrientationLandscapeLeft UIInterfaceOrientationLandscapeRight";
				LD_RUNPATH_SEARCH_PATHS = (
					"$(inherited)",
					"@executable_path/Frameworks",
				);
				MARKETING_VERSION = 1.0;
				PRODUCT_BUNDLE_IDENTIFIER = daviscruz.HorariosSupermercados;
				PRODUCT_NAME = "$(TARGET_NAME)";
				SWIFT_EMIT_LOC_STRINGS = YES;
				SWIFT_VERSION = 5.0;
				TARGETED_DEVICE_FAMILY = "1,2";
			};
			name = Debug;
		};
		8B92A8E32AB572E9001FFCF2 /* Release */ = {
			isa = XCBuildConfiguration;
			buildSettings = {
				ASSETCATALOG_COMPILER_APPICON_NAME = AppIcon;
				ASSETCATALOG_COMPILER_GLOBAL_ACCENT_COLOR_NAME = AccentColor;
				CODE_SIGN_STYLE = Automatic;
				CURRENT_PROJECT_VERSION = 1;
				DEVELOPMENT_ASSET_PATHS = "\"HorariosSupermercados/Preview Content\"";
				ENABLE_PREVIEWS = YES;
				GENERATE_INFOPLIST_FILE = YES;
				INFOPLIST_KEY_UIApplicationSceneManifest_Generation = YES;
				INFOPLIST_KEY_UIApplicationSupportsIndirectInputEvents = YES;
				INFOPLIST_KEY_UILaunchScreen_Generation = YES;
				INFOPLIST_KEY_UISupportedInterfaceOrientations_iPad = "UIInterfaceOrientationPortrait UIInterfaceOrientationPortraitUpsideDown UIInterfaceOrientationLandscapeLeft UIInterfaceOrientationLandscapeRight";
				INFOPLIST_KEY_UISupportedInterfaceOrientations_iPhone = "UIInterfaceOrientationPortrait UIInterfaceOrientationLandscapeLeft UIInterfaceOrientationLandscapeRight";
				LD_RUNPATH_SEARCH_PATHS = (
					"$(inherited)",
					"@executable_path/Frameworks",
				);
				MARKETING_VERSION = 1.0;
				PRODUCT_BUNDLE_IDENTIFIER = daviscruz.HorariosSupermercados;
				PRODUCT_NAME = "$(TARGET_NAME)";
				SWIFT_EMIT_LOC_STRINGS = YES;
				SWIFT_VERSION = 5.0;
				TARGETED_DEVICE_FAMILY = "1,2";
			};
			name = Release;
		};
/* End XCBuildConfiguration section */

/* Begin XCConfigurationList section */
		8B92A8CE2AB572E8001FFCF2 /* Build configuration list for PBXProject "HorariosSupermercados" */ = {
			isa = XCConfigurationList;
			buildConfigurations = (
				8B92A8DF2AB572E9001FFCF2 /* Debug */,
				8B92A8E02AB572E9001FFCF2 /* Release */,
			);
			defaultConfigurationIsVisible = 0;
			defaultConfigurationName = Release;
		};
		8B92A8E12AB572E9001FFCF2 /* Build configuration list for PBXNativeTarget "HorariosSupermercados" */ = {
			isa = XCConfigurationList;
			buildConfigurations = (
				8B92A8E22AB572E9001FFCF2 /* Debug */,
				8B92A8E32AB572E9001FFCF2 /* Release */,
			);
			defaultConfigurationIsVisible = 0;
			defaultConfigurationName = Release;
		};
/* End XCConfigurationList section */
	};
	rootObject = 8B92A8CB2AB572E8001FFCF2 /* Project object */;
}
